
Microsoft Visual Studio Solution File, Format Version 12.00
# Visual Studio Version 17
VisualStudioVersion = 17.3.32929.385
MinimumVisualStudioVersion = 10.0.40219.1
Project("{9A19103F-16F7-4668-BE54-9A1E7A4F7556}") = "TrackerLibrary", "TrackerLibrary\TrackerLibrary.csproj", "{0DE4E21E-610B-4FDC-8139-E9280D17ED30}"
EndProject
Project("{FAE04EC0-301F-11D3-BF4B-00C04F79EFBC}") = "TrackerUI", "TrackerUI\TrackerUI.csproj", "{6E2AC51A-5F95-4EB1-B9C5-41E8ACA5CBEC}"
EndProject
Global
	GlobalSection(SolutionConfigurationPlatforms) = preSolution
		Debug|Any CPU = Debug|Any CPU
		Release|Any CPU = Release|Any CPU
	EndGlobalSection
	GlobalSection(ProjectConfigurationPlatforms) = postSolution
		{0DE4E21E-610B-4FDC-8139-E9280D17ED30}.Debug|Any CPU.ActiveCfg = Debug|Any CPU
		{0DE4E21E-610B-4FDC-8139-E9280D17ED30}.Debug|Any CPU.Build.0 = Debug|Any CPU
		{0DE4E21E-610B-4FDC-8139-E9280D17ED30}.Release|Any CPU.ActiveCfg = Release|Any CPU
		{0DE4E21E-610B-4FDC-8139-E9280D17ED30}.Release|Any CPU.Build.0 = Release|Any CPU
		{6E2AC51A-5F95-4EB1-B9C5-41E8ACA5CBEC}.Debug|Any CPU.ActiveCfg = Debug|Any CPU
		{6E2AC51A-5F95-4EB1-B9C5-41E8ACA5CBEC}.Debug|Any CPU.Build.0 = Debug|Any CPU
		{6E2AC51A-5F95-4EB1-B9C5-41E8ACA5CBEC}.Release|Any CPU.ActiveCfg = Release|Any CPU
		{6E2AC51A-5F95-4EB1-B9C5-41E8ACA5CBEC}.Release|Any CPU.Build.0 = Release|Any CPU
	EndGlobalSection
	GlobalSection(SolutionProperties) = preSolution
		HideSolutionNode = FALSE
	EndGlobalSection
	GlobalSection(ExtensibilityGlobals) = postSolution
		SolutionGuid = {6E40E584-C080-416B-BD08-DC224FBBE971}
	EndGlobalSection
EndGlobal
